
Microsoft Visual Studio Solution File, Format Version 12.00
# Visual Studio Version 17
VisualStudioVersion = 17.7.34024.191
MinimumVisualStudioVersion = 10.0.40219.1
Project("{9A19103F-16F7-4668-BE54-9A1E7A4F7556}") = "CapitalPlacementTask", "CapitalPlacementTask\CapitalPlacementTask.csproj", "{4CD267EC-5447-42C9-AB20-E930A816A6E3}"
EndProject
Project("{FAE04EC0-301F-11D3-BF4B-00C04F79EFBC}") = "CapitalPlacementTask.Test", "CapitalPlacementTask.Test\CapitalPlacementTask.Test.csproj", "{5ADAC99B-50F6-4743-96FA-FF9E26CDC419}"
EndProject
Global
	GlobalSection(SolutionConfigurationPlatforms) = preSolution
		Debug|Any CPU = Debug|Any CPU
		Release|Any CPU = Release|Any CPU
	EndGlobalSection
	GlobalSection(ProjectConfigurationPlatforms) = postSolution
		{4CD267EC-5447-42C9-AB20-E930A816A6E3}.Debug|Any CPU.ActiveCfg = Debug|Any CPU
		{4CD267EC-5447-42C9-AB20-E930A816A6E3}.Debug|Any CPU.Build.0 = Debug|Any CPU
		{4CD267EC-5447-42C9-AB20-E930A816A6E3}.Release|Any CPU.ActiveCfg = Release|Any CPU
		{4CD267EC-5447-42C9-AB20-E930A816A6E3}.Release|Any CPU.Build.0 = Release|Any CPU
		{5ADAC99B-50F6-4743-96FA-FF9E26CDC419}.Debug|Any CPU.ActiveCfg = Debug|Any CPU
		{5ADAC99B-50F6-4743-96FA-FF9E26CDC419}.Debug|Any CPU.Build.0 = Debug|Any CPU
		{5ADAC99B-50F6-4743-96FA-FF9E26CDC419}.Release|Any CPU.ActiveCfg = Release|Any CPU
		{5ADAC99B-50F6-4743-96FA-FF9E26CDC419}.Release|Any CPU.Build.0 = Release|Any CPU
	EndGlobalSection
	GlobalSection(SolutionProperties) = preSolution
		HideSolutionNode = FALSE
	EndGlobalSection
	GlobalSection(ExtensibilityGlobals) = postSolution
		SolutionGuid = {41269C46-75E1-401E-BF3F-7D8AC5892CFE}
	EndGlobalSection
EndGlobal
